
Microsoft Visual Studio Solution File, Format Version 12.00
# Visual Studio 2012
Project("{FAE04EC0-301F-11D3-BF4B-00C04F79EFBC}") = "Bent", "Bent\Bent.csproj", "{13CC09CA-B418-4B26-8D68-16C13C272DE1}"
EndProject
Global
	GlobalSection(SolutionConfigurationPlatforms) = preSolution
		Debug|iPhoneSimulator = Debug|iPhoneSimulator
		Release|iPhoneSimulator = Release|iPhoneSimulator
		Debug|iPhone = Debug|iPhone
		Release|iPhone = Release|iPhone
		Ad-Hoc|iPhone = Ad-Hoc|iPhone
		AppStore|iPhone = AppStore|iPhone
	EndGlobalSection
	GlobalSection(ProjectConfigurationPlatforms) = postSolution
		{13CC09CA-B418-4B26-8D68-16C13C272DE1}.Ad-Hoc|iPhone.ActiveCfg = Ad-Hoc|iPhone
		{13CC09CA-B418-4B26-8D68-16C13C272DE1}.Ad-Hoc|iPhone.Build.0 = Ad-Hoc|iPhone
		{13CC09CA-B418-4B26-8D68-16C13C272DE1}.AppStore|iPhone.ActiveCfg = AppStore|iPhone
		{13CC09CA-B418-4B26-8D68-16C13C272DE1}.AppStore|iPhone.Build.0 = AppStore|iPhone
		{13CC09CA-B418-4B26-8D68-16C13C272DE1}.Debug|iPhone.ActiveCfg = Debug|iPhone
		{13CC09CA-B418-4B26-8D68-16C13C272DE1}.Debug|iPhone.Build.0 = Debug|iPhone
		{13CC09CA-B418-4B26-8D68-16C13C272DE1}.Debug|iPhoneSimulator.ActiveCfg = Debug|iPhoneSimulator
		{13CC09CA-B418-4B26-8D68-16C13C272DE1}.Debug|iPhoneSimulator.Build.0 = Debug|iPhoneSimulator
		{13CC09CA-B418-4B26-8D68-16C13C272DE1}.Release|iPhone.ActiveCfg = Release|iPhone
		{13CC09CA-B418-4B26-8D68-16C13C272DE1}.Release|iPhone.Build.0 = Release|iPhone
		{13CC09CA-B418-4B26-8D68-16C13C272DE1}.Release|iPhoneSimulator.ActiveCfg = Release|iPhoneSimulator
		{13CC09CA-B418-4B26-8D68-16C13C272DE1}.Release|iPhoneSimulator.Build.0 = Release|iPhoneSimulator
	EndGlobalSection
EndGlobal
